
Microsoft Visual Studio Solution File, Format Version 12.00
# Visual Studio Version 17
VisualStudioVersion = 17.8.34227.203
MinimumVisualStudioVersion = 10.0.40219.1
Project("{9A19103F-16F7-4668-BE54-9A1E7A4F7556}") = "Lombiq.Walkthroughs", "Lombiq.Walkthroughs.csproj", "{6AADE2BA-4678-4886-8751-1EA69F243B63}"
EndProject
Project("{9A19103F-16F7-4668-BE54-9A1E7A4F7556}") = "Lombiq.Walkthroughs.Tests.UI", "..\Lombiq.Walkthroughs.Test.UI\Lombiq.Walkthroughs.Tests.UI.csproj", "{CF6EDB22-392E-4B00-A196-11B766C5676F}"
EndProject
Global
	GlobalSection(SolutionConfigurationPlatforms) = preSolution
		Debug|Any CPU = Debug|Any CPU
		Release|Any CPU = Release|Any CPU
	EndGlobalSection
	GlobalSection(ProjectConfigurationPlatforms) = postSolution
		{6AADE2BA-4678-4886-8751-1EA69F243B63}.Debug|Any CPU.ActiveCfg = Debug|Any CPU
		{6AADE2BA-4678-4886-8751-1EA69F243B63}.Debug|Any CPU.Build.0 = Debug|Any CPU
		{6AADE2BA-4678-4886-8751-1EA69F243B63}.Release|Any CPU.ActiveCfg = Release|Any CPU
		{6AADE2BA-4678-4886-8751-1EA69F243B63}.Release|Any CPU.Build.0 = Release|Any CPU
		{CF6EDB22-392E-4B00-A196-11B766C5676F}.Debug|Any CPU.ActiveCfg = Debug|Any CPU
		{CF6EDB22-392E-4B00-A196-11B766C5676F}.Debug|Any CPU.Build.0 = Debug|Any CPU
		{CF6EDB22-392E-4B00-A196-11B766C5676F}.Release|Any CPU.ActiveCfg = Release|Any CPU
		{CF6EDB22-392E-4B00-A196-11B766C5676F}.Release|Any CPU.Build.0 = Release|Any CPU
	EndGlobalSection
	GlobalSection(SolutionProperties) = preSolution
		HideSolutionNode = FALSE
	EndGlobalSection
	GlobalSection(ExtensibilityGlobals) = postSolution
		SolutionGuid = {FB6DCB3F-9EDD-41B7-91C6-03992C2EC8DF}
	EndGlobalSection
EndGlobal
