lockfileVersion: '6.0'

settings:
  autoInstallPeers: true
  excludeLinksFromLockfile: false

dependencies:
  shepherd.js:
    specifier: 14.5.1
    version: 14.5.1

packages:

  /@floating-ui/core@1.7.2:
    resolution: {integrity: sha512-wNB5ooIKHQc+Kui96jE/n69rHFWAVoxn5CAzL1Xdd8FG03cgY3MLO+GF9U3W737fYDSgPWA6MReKhBQBop6Pcw==}
    dependencies:
      '@floating-ui/utils': 0.2.10
    dev: false

  /@floating-ui/dom@1.7.2:
    resolution: {integrity: sha512-7cfaOQuCS27HD7DX+6ib2OrnW+b4ZBwDNnCcT0uTyidcmyWb03FnQqJybDBoCnpdxwBSfA94UAYlRCt7mV+TbA==}
    dependencies:
      '@floating-ui/core': 1.7.2
      '@floating-ui/utils': 0.2.10
    dev: false

  /@floating-ui/utils@0.2.10:
    resolution: {integrity: sha512-aGTxbpbg8/b5JfU1HXSrbH3wXZuLPJcNEcZQFMxLs3oSzgtVu6nFPkbbGGUvBcUjKV2YyB9Wxxabo+HEH9tcRQ==}
    dev: false

  /@scarf/scarf@1.4.0:
    resolution: {integrity: sha512-xxeapPiUXdZAE3che6f3xogoJPeZgig6omHEy1rIY5WVsB3H2BHNnZH+gHG6x91SCWyQCzWGsuL2Hh3ClO5/qQ==}
    requiresBuild: true
    dev: false

  /deepmerge-ts@7.1.3:
    resolution: {integrity: sha512-qCSH6I0INPxd9Y1VtAiLpnYvz5O//6rCfJXKk0z66Up9/VOSr+1yS8XSKA5IWRxjocFGlzPyaZYe+jxq7OOLtQ==}
    engines: {node: '>=16.0.0'}
    dev: false

  /shepherd.js@14.5.1:
    resolution: {integrity: sha512-VuvPvLG1QjNOLP7AIm2HGyfmxEIz8QdskvWOHwUcxLDibYWjLRBmCWd8LSL5FlwhBW7D/GU+3gNVC/ASxAWdxg==}
    engines: {node: 18.* || >= 20}
    dependencies:
      '@floating-ui/dom': 1.7.2
      '@scarf/scarf': 1.4.0
      deepmerge-ts: 7.1.3
    dev: false
